
Microsoft Visual Studio Solution File, Format Version 12.00
# Visual Studio 15
VisualStudioVersion = 15.0.26730.12
MinimumVisualStudioVersion = 10.0.40219.1
Project("{FAE04EC0-301F-11D3-BF4B-00C04F79EFBC}") = "Almoxarifado", "Almoxarifado01\Almoxarifado.csproj", "{5FE4A443-806E-4540-B6C5-B2A4DB0ABEF9}"
EndProject
Global
	GlobalSection(SolutionConfigurationPlatforms) = preSolution
		Debug|Any CPU = Debug|Any CPU
		Release|Any CPU = Release|Any CPU
	EndGlobalSection
	GlobalSection(ProjectConfigurationPlatforms) = postSolution
		{5FE4A443-806E-4540-B6C5-B2A4DB0ABEF9}.Debug|Any CPU.ActiveCfg = Debug|Any CPU
		{5FE4A443-806E-4540-B6C5-B2A4DB0ABEF9}.Debug|Any CPU.Build.0 = Debug|Any CPU
		{5FE4A443-806E-4540-B6C5-B2A4DB0ABEF9}.Release|Any CPU.ActiveCfg = Release|Any CPU
		{5FE4A443-806E-4540-B6C5-B2A4DB0ABEF9}.Release|Any CPU.Build.0 = Release|Any CPU
	EndGlobalSection
	GlobalSection(SolutionProperties) = preSolution
		HideSolutionNode = FALSE
	EndGlobalSection
	GlobalSection(ExtensibilityGlobals) = postSolution
		SolutionGuid = {549CA41D-0780-4763-8585-3E736A42AF76}
	EndGlobalSection
EndGlobal
